
Microsoft Visual Studio Solution File, Format Version 12.00
# Visual Studio Version 17
VisualStudioVersion = 17.10.35122.118
MinimumVisualStudioVersion = 10.0.40219.1
Project("{FAE04EC0-301F-11D3-BF4B-00C04F79EFBC}") = "RareCrewTask", "RareCrewTask\RareCrewTask.csproj", "{84EE2B02-F9C5-4FE1-8F48-E7375D8D917E}"
EndProject
Global
	GlobalSection(SolutionConfigurationPlatforms) = preSolution
		Debug|Any CPU = Debug|Any CPU
		Release|Any CPU = Release|Any CPU
	EndGlobalSection
	GlobalSection(ProjectConfigurationPlatforms) = postSolution
		{84EE2B02-F9C5-4FE1-8F48-E7375D8D917E}.Debug|Any CPU.ActiveCfg = Debug|Any CPU
		{84EE2B02-F9C5-4FE1-8F48-E7375D8D917E}.Debug|Any CPU.Build.0 = Debug|Any CPU
		{84EE2B02-F9C5-4FE1-8F48-E7375D8D917E}.Release|Any CPU.ActiveCfg = Release|Any CPU
		{84EE2B02-F9C5-4FE1-8F48-E7375D8D917E}.Release|Any CPU.Build.0 = Release|Any CPU
	EndGlobalSection
	GlobalSection(SolutionProperties) = preSolution
		HideSolutionNode = FALSE
	EndGlobalSection
	GlobalSection(ExtensibilityGlobals) = postSolution
		SolutionGuid = {E71C4152-F5CC-432C-A92B-5FBC4FBB5107}
	EndGlobalSection
EndGlobal
